
Microsoft Visual Studio Solution File, Format Version 12.00
# Visual Studio 14
VisualStudioVersion = 14.0.24720.0
MinimumVisualStudioVersion = 10.0.40219.1
Project("{FAE04EC0-301F-11D3-BF4B-00C04F79EFBC}") = "Task01", "Task01\Task01.csproj", "{C3274967-3CEC-4292-973F-3697D3C0BE38}"
EndProject
Project("{FAE04EC0-301F-11D3-BF4B-00C04F79EFBC}") = "Task01.NUnitTests", "Task01.NUnitTests\Task01.NUnitTests.csproj", "{A88A5109-944D-4C50-9E5F-30DFE03A8053}"
EndProject
Global
	GlobalSection(SolutionConfigurationPlatforms) = preSolution
		Debug|Any CPU = Debug|Any CPU
		Release|Any CPU = Release|Any CPU
	EndGlobalSection
	GlobalSection(ProjectConfigurationPlatforms) = postSolution
		{C3274967-3CEC-4292-973F-3697D3C0BE38}.Debug|Any CPU.ActiveCfg = Debug|Any CPU
		{C3274967-3CEC-4292-973F-3697D3C0BE38}.Debug|Any CPU.Build.0 = Debug|Any CPU
		{C3274967-3CEC-4292-973F-3697D3C0BE38}.Release|Any CPU.ActiveCfg = Release|Any CPU
		{C3274967-3CEC-4292-973F-3697D3C0BE38}.Release|Any CPU.Build.0 = Release|Any CPU
		{A88A5109-944D-4C50-9E5F-30DFE03A8053}.Debug|Any CPU.ActiveCfg = Debug|Any CPU
		{A88A5109-944D-4C50-9E5F-30DFE03A8053}.Debug|Any CPU.Build.0 = Debug|Any CPU
		{A88A5109-944D-4C50-9E5F-30DFE03A8053}.Release|Any CPU.ActiveCfg = Release|Any CPU
		{A88A5109-944D-4C50-9E5F-30DFE03A8053}.Release|Any CPU.Build.0 = Release|Any CPU
	EndGlobalSection
	GlobalSection(SolutionProperties) = preSolution
		HideSolutionNode = FALSE
	EndGlobalSection
EndGlobal
